// !$*UTF8*$!
{
	archiveVersion = 1;
	classes = {
	};
	objectVersion = 48;
	objects = {

/* Begin PBXBuildFile section */
		768CDEE41F1DA0CA00ED3F59 /* AppDelegate.m in Sources */ = {isa = PBXBuildFile; fileRef = 768CDEE31F1DA0CA00ED3F59 /* AppDelegate.m */; };
		768CDEE71F1DA0CA00ED3F59 /* ViewController.m in Sources */ = {isa = PBXBuildFile; fileRef = 768CDEE61F1DA0CA00ED3F59 /* ViewController.m */; };
		768CDEEA1F1DA0CA00ED3F59 /* Main.storyboard in Resources */ = {isa = PBXBuildFile; fileRef = 768CDEE81F1DA0CA00ED3F59 /* Main.storyboard */; };
		768CDEEC1F1DA0CA00ED3F59 /* Assets.xcassets in Resources */ = {isa = PBXBuildFile; fileRef = 768CDEEB1F1DA0CA00ED3F59 /* Assets.xcassets */; };
		768CDEEF1F1DA0CA00ED3F59 /* LaunchScreen.storyboard in Resources */ = {isa = PBXBuildFile; fileRef = 768CDEED1F1DA0CA00ED3F59 /* LaunchScreen.storyboard */; };
		768CDEF21F1DA0CA00ED3F59 /* main.m in Sources */ = {isa = PBXBuildFile; fileRef = 768CDEF11F1DA0CA00ED3F59 /* main.m */; };
		768CDEFC1F1DA0CA00ED3F59 /* HeaderNoteTests.m in Sources */ = {isa = PBXBuildFile; fileRef = 768CDEFB1F1DA0CA00ED3F59 /* HeaderNoteTests.m */; };
		768CDF071F1DA0CA00ED3F59 /* HeaderNoteUITests.m in Sources */ = {isa = PBXBuildFile; fileRef = 768CDF061F1DA0CA00ED3F59 /* HeaderNoteUITests.m */; };
/* End PBXBuildFile section */

/* Begin PBXContainerItemProxy section */
		768CDEF81F1DA0CA00ED3F59 /* PBXContainerItemProxy */ = {
			isa = PBXContainerItemProxy;
			containerPortal = 768CDED71F1DA0CA00ED3F59 /* Project object */;
			proxyType = 1;
			remoteGlobalIDString = 768CDEDE1F1DA0CA00ED3F59;
			remoteInfo = HeaderNote;
		};
		768CDF031F1DA0CA00ED3F59 /* PBXContainerItemProxy */ = {
			isa = PBXContainerItemProxy;
			containerPortal = 768CDED71F1DA0CA00ED3F59 /* Project object */;
			proxyType = 1;
			remoteGlobalIDString = 768CDEDE1F1DA0CA00ED3F59;
			remoteInfo = HeaderNote;
		};
/* End PBXContainerItemProxy section */

/* Begin PBXFileReference section */
		764671831F21F68B00C89648 /* UIView.h */ = {isa = PBXFileReference; lastKnownFileType = sourcecode.c.h; path = UIView.h; sourceTree = "<group>"; };
		764671841F220BD600C89648 /* NSThread.h */ = {isa = PBXFileReference; lastKnownFileType = sourcecode.c.h; path = NSThread.h; sourceTree = "<group>"; };
		764671851F2246C000C89648 /* NSLock.h */ = {isa = PBXFileReference; lastKnownFileType = sourcecode.c.h; path = NSLock.h; sourceTree = "<group>"; };
		764671861F224E9B00C89648 /* UIApplication.h */ = {isa = PBXFileReference; lastKnownFileType = sourcecode.c.h; path = UIApplication.h; sourceTree = "<group>"; };
		764671871F22514E00C89648 /* NSOperation.h */ = {isa = PBXFileReference; lastKnownFileType = sourcecode.c.h; path = NSOperation.h; sourceTree = "<group>"; };
		764671891F225C8300C89648 /* UIResponder.h */ = {isa = PBXFileReference; lastKnownFileType = sourcecode.c.h; path = UIResponder.h; sourceTree = "<group>"; };
		768CDEDF1F1DA0CA00ED3F59 /* HeaderNote.app */ = {isa = PBXFileReference; explicitFileType = wrapper.application; includeInIndex = 0; path = HeaderNote.app; sourceTree = BUILT_PRODUCTS_DIR; };
		768CDEE21F1DA0CA00ED3F59 /* AppDelegate.h */ = {isa = PBXFileReference; lastKnownFileType = sourcecode.c.h; path = AppDelegate.h; sourceTree = "<group>"; };
		768CDEE31F1DA0CA00ED3F59 /* AppDelegate.m */ = {isa = PBXFileReference; lastKnownFileType = sourcecode.c.objc; path = AppDelegate.m; sourceTree = "<group>"; };
		768CDEE51F1DA0CA00ED3F59 /* ViewController.h */ = {isa = PBXFileReference; lastKnownFileType = sourcecode.c.h; path = ViewController.h; sourceTree = "<group>"; };
		768CDEE61F1DA0CA00ED3F59 /* ViewController.m */ = {isa = PBXFileReference; lastKnownFileType = sourcecode.c.objc; path = ViewController.m; sourceTree = "<group>"; };
		768CDEE91F1DA0CA00ED3F59 /* Base */ = {isa = PBXFileReference; lastKnownFileType = file.storyboard; name = Base; path = Base.lproj/Main.storyboard; sourceTree = "<group>"; };
		768CDEEB1F1DA0CA00ED3F59 /* Assets.xcassets */ = {isa = PBXFileReference; lastKnownFileType = folder.assetcatalog; path = Assets.xcassets; sourceTree = "<group>"; };
		768CDEEE1F1DA0CA00ED3F59 /* Base */ = {isa = PBXFileReference; lastKnownFileType = file.storyboard; name = Base; path = Base.lproj/LaunchScreen.storyboard; sourceTree = "<group>"; };
		768CDEF01F1DA0CA00ED3F59 /* Info.plist */ = {isa = PBXFileReference; lastKnownFileType = text.plist.xml; path = Info.plist; sourceTree = "<group>"; };
		768CDEF11F1DA0CA00ED3F59 /* main.m */ = {isa = PBXFileReference; lastKnownFileType = sourcecode.c.objc; path = main.m; sourceTree = "<group>"; };
		768CDEF71F1DA0CA00ED3F59 /* HeaderNoteTests.xctest */ = {isa = PBXFileReference; explicitFileType = wrapper.cfbundle; includeInIndex = 0; path = HeaderNoteTests.xctest; sourceTree = BUILT_PRODUCTS_DIR; };
		768CDEFB1F1DA0CA00ED3F59 /* HeaderNoteTests.m */ = {isa = PBXFileReference; lastKnownFileType = sourcecode.c.objc; path = HeaderNoteTests.m; sourceTree = "<group>"; };
		768CDEFD1F1DA0CA00ED3F59 /* Info.plist */ = {isa = PBXFileReference; lastKnownFileType = text.plist.xml; path = Info.plist; sourceTree = "<group>"; };
		768CDF021F1DA0CA00ED3F59 /* HeaderNoteUITests.xctest */ = {isa = PBXFileReference; explicitFileType = wrapper.cfbundle; includeInIndex = 0; path = HeaderNoteUITests.xctest; sourceTree = BUILT_PRODUCTS_DIR; };
		768CDF061F1DA0CA00ED3F59 /* HeaderNoteUITests.m */ = {isa = PBXFileReference; lastKnownFileType = sourcecode.c.objc; path = HeaderNoteUITests.m; sourceTree = "<group>"; };
		768CDF081F1DA0CA00ED3F59 /* Info.plist */ = {isa = PBXFileReference; lastKnownFileType = text.plist.xml; path = Info.plist; sourceTree = "<group>"; };
		768CDF151F1DA0FE00ED3F59 /* UITabBarItem.h */ = {isa = PBXFileReference; lastKnownFileType = sourcecode.c.h; path = UITabBarItem.h; sourceTree = "<group>"; };
		768CDF161F1DCE0B00ED3F59 /* UITabBarController.h */ = {isa = PBXFileReference; lastKnownFileType = sourcecode.c.h; path = UITabBarController.h; sourceTree = "<group>"; };
		768CDF171F1DD9B700ED3F59 /* UITabBar.h */ = {isa = PBXFileReference; lastKnownFileType = sourcecode.c.h; path = UITabBar.h; sourceTree = "<group>"; };
		76A4DE611F1F99AA0006B4CA /* UIInterface.h */ = {isa = PBXFileReference; lastKnownFileType = sourcecode.c.h; path = UIInterface.h; sourceTree = "<group>"; };
		76A4DE631F1FA4D70006B4CA /* NSFileManager.h */ = {isa = PBXFileReference; lastKnownFileType = sourcecode.c.h; path = NSFileManager.h; sourceTree = "<group>"; };
		76A4DE641F1FAD790006B4CA /* NSString.h */ = {isa = PBXFileReference; lastKnownFileType = sourcecode.c.h; path = NSString.h; sourceTree = "<group>"; };
		76DBC76C1F1DF72800AA820B /* UINavigationController.h */ = {isa = PBXFileReference; lastKnownFileType = sourcecode.c.h; path = UINavigationController.h; sourceTree = "<group>"; };
		76DBC76D1F1DF84B00AA820B /* UINavigationBar.h */ = {isa = PBXFileReference; lastKnownFileType = sourcecode.c.h; path = UINavigationBar.h; sourceTree = "<group>"; };
		76DBC76E1F1DF86200AA820B /* UIBarButtonItem.h */ = {isa = PBXFileReference; lastKnownFileType = sourcecode.c.h; path = UIBarButtonItem.h; sourceTree = "<group>"; };
		76DBC76F1F1DF87F00AA820B /* UIToolbar.h */ = {isa = PBXFileReference; lastKnownFileType = sourcecode.c.h; path = UIToolbar.h; sourceTree = "<group>"; };
		76DBC7701F1E068400AA820B /* UINavigationItem.h */ = {isa = PBXFileReference; lastKnownFileType = sourcecode.c.h; path = UINavigationItem.h; sourceTree = "<group>"; };
/* End PBXFileReference section */

/* Begin PBXFrameworksBuildPhase section */
		768CDEDC1F1DA0CA00ED3F59 /* Frameworks */ = {
			isa = PBXFrameworksBuildPhase;
			buildActionMask = 2147483647;
			files = (
			);
			runOnlyForDeploymentPostprocessing = 0;
		};
		768CDEF41F1DA0CA00ED3F59 /* Frameworks */ = {
			isa = PBXFrameworksBuildPhase;
			buildActionMask = 2147483647;
			files = (
			);
			runOnlyForDeploymentPostprocessing = 0;
		};
		768CDEFF1F1DA0CA00ED3F59 /* Frameworks */ = {
			isa = PBXFrameworksBuildPhase;
			buildActionMask = 2147483647;
			files = (
			);
			runOnlyForDeploymentPostprocessing = 0;
		};
/* End PBXFrameworksBuildPhase section */

/* Begin PBXGroup section */
		768CDED61F1DA0CA00ED3F59 = {
			isa = PBXGroup;
			children = (
				768CDEE11F1DA0CA00ED3F59 /* HeaderNote */,
				768CDEFA1F1DA0CA00ED3F59 /* HeaderNoteTests */,
				768CDF051F1DA0CA00ED3F59 /* HeaderNoteUITests */,
				768CDEE01F1DA0CA00ED3F59 /* Products */,
			);
			sourceTree = "<group>";
		};
		768CDEE01F1DA0CA00ED3F59 /* Products */ = {
			isa = PBXGroup;
			children = (
				768CDEDF1F1DA0CA00ED3F59 /* HeaderNote.app */,
				768CDEF71F1DA0CA00ED3F59 /* HeaderNoteTests.xctest */,
				768CDF021F1DA0CA00ED3F59 /* HeaderNoteUITests.xctest */,
			);
			name = Products;
			sourceTree = "<group>";
		};
		768CDEE11F1DA0CA00ED3F59 /* HeaderNote */ = {
			isa = PBXGroup;
			children = (
				768CDEE21F1DA0CA00ED3F59 /* AppDelegate.h */,
				768CDEE31F1DA0CA00ED3F59 /* AppDelegate.m */,
				76A4DE621F1FA4BA0006B4CA /* Foundation */,
				768CDF141F1DA0E600ED3F59 /* UIKit */,
				768CDEE51F1DA0CA00ED3F59 /* ViewController.h */,
				768CDEE61F1DA0CA00ED3F59 /* ViewController.m */,
				768CDEE81F1DA0CA00ED3F59 /* Main.storyboard */,
				768CDEEB1F1DA0CA00ED3F59 /* Assets.xcassets */,
				768CDEED1F1DA0CA00ED3F59 /* LaunchScreen.storyboard */,
				768CDEF01F1DA0CA00ED3F59 /* Info.plist */,
				768CDEF11F1DA0CA00ED3F59 /* main.m */,
			);
			path = HeaderNote;
			sourceTree = "<group>";
		};
		768CDEFA1F1DA0CA00ED3F59 /* HeaderNoteTests */ = {
			isa = PBXGroup;
			children = (
				768CDEFB1F1DA0CA00ED3F59 /* HeaderNoteTests.m */,
				768CDEFD1F1DA0CA00ED3F59 /* Info.plist */,
			);
			path = HeaderNoteTests;
			sourceTree = "<group>";
		};
		768CDF051F1DA0CA00ED3F59 /* HeaderNoteUITests */ = {
			isa = PBXGroup;
			children = (
				768CDF061F1DA0CA00ED3F59 /* HeaderNoteUITests.m */,
				768CDF081F1DA0CA00ED3F59 /* Info.plist */,
			);
			path = HeaderNoteUITests;
			sourceTree = "<group>";
		};
		768CDF141F1DA0E600ED3F59 /* UIKit */ = {
			isa = PBXGroup;
			children = (
				768CDF151F1DA0FE00ED3F59 /* UITabBarItem.h */,
				768CDF161F1DCE0B00ED3F59 /* UITabBarController.h */,
				768CDF171F1DD9B700ED3F59 /* UITabBar.h */,
				76DBC76C1F1DF72800AA820B /* UINavigationController.h */,
				76DBC76D1F1DF84B00AA820B /* UINavigationBar.h */,
				76DBC76E1F1DF86200AA820B /* UIBarButtonItem.h */,
				76DBC7701F1E068400AA820B /* UINavigationItem.h */,
				76DBC76F1F1DF87F00AA820B /* UIToolbar.h */,
				76A4DE611F1F99AA0006B4CA /* UIInterface.h */,
				764671831F21F68B00C89648 /* UIView.h */,
				764671861F224E9B00C89648 /* UIApplication.h */,
				764671891F225C8300C89648 /* UIResponder.h */,
			);
			path = UIKit;
			sourceTree = "<group>";
		};
		76A4DE621F1FA4BA0006B4CA /* Foundation */ = {
			isa = PBXGroup;
			children = (
				76A4DE631F1FA4D70006B4CA /* NSFileManager.h */,
				76A4DE641F1FAD790006B4CA /* NSString.h */,
				764671841F220BD600C89648 /* NSThread.h */,
				764671851F2246C000C89648 /* NSLock.h */,
				764671871F22514E00C89648 /* NSOperation.h */,
			);
			path = Foundation;
			sourceTree = "<group>";
		};
/* End PBXGroup section */

/* Begin PBXNativeTarget section */
		768CDEDE1F1DA0CA00ED3F59 /* HeaderNote */ = {
			isa = PBXNativeTarget;
			buildConfigurationList = 768CDF0B1F1DA0CA00ED3F59 /* Build configuration list for PBXNativeTarget "HeaderNote" */;
			buildPhases = (
				768CDEDB1F1DA0CA00ED3F59 /* Sources */,
				768CDEDC1F1DA0CA00ED3F59 /* Frameworks */,
				768CDEDD1F1DA0CA00ED3F59 /* Resources */,
			);
			buildRules = (
			);
			dependencies = (
			);
			name = HeaderNote;
			productName = HeaderNote;
			productReference = 768CDEDF1F1DA0CA00ED3F59 /* HeaderNote.app */;
			productType = "com.apple.product-type.application";
		};
		768CDEF61F1DA0CA00ED3F59 /* HeaderNoteTests */ = {
			isa = PBXNativeTarget;
			buildConfigurationList = 768CDF0E1F1DA0CA00ED3F59 /* Build configuration list for PBXNativeTarget "HeaderNoteTests" */;
			buildPhases = (
				768CDEF31F1DA0CA00ED3F59 /* Sources */,
				768CDEF41F1DA0CA00ED3F59 /* Frameworks */,
				768CDEF51F1DA0CA00ED3F59 /* Resources */,
			);
			buildRules = (
			);
			dependencies = (
				768CDEF91F1DA0CA00ED3F59 /* PBXTargetDependency */,
			);
			name = HeaderNoteTests;
			productName = HeaderNoteTests;
			productReference = 768CDEF71F1DA0CA00ED3F59 /* HeaderNoteTests.xctest */;
			productType = "com.apple.product-type.bundle.unit-test";
		};
		768CDF011F1DA0CA00ED3F59 /* HeaderNoteUITests */ = {
			isa = PBXNativeTarget;
			buildConfigurationList = 768CDF111F1DA0CA00ED3F59 /* Build configuration list for PBXNativeTarget "HeaderNoteUITests" */;
			buildPhases = (
				768CDEFE1F1DA0CA00ED3F59 /* Sources */,
				768CDEFF1F1DA0CA00ED3F59 /* Frameworks */,
				768CDF001F1DA0CA00ED3F59 /* Resources */,
			);
			buildRules = (
			);
			dependencies = (
				768CDF041F1DA0CA00ED3F59 /* PBXTargetDependency */,
			);
			name = HeaderNoteUITests;
			productName = HeaderNoteUITests;
			productReference = 768CDF021F1DA0CA00ED3F59 /* HeaderNoteUITests.xctest */;
			productType = "com.apple.product-type.bundle.ui-testing";
		};
/* End PBXNativeTarget section */

/* Begin PBXProject section */
		768CDED71F1DA0CA00ED3F59 /* Project object */ = {
			isa = PBXProject;
			attributes = {
				LastUpgradeCheck = 0900;
				ORGANIZATIONNAME = Rhino;
				TargetAttributes = {
					768CDEDE1F1DA0CA00ED3F59 = {
						CreatedOnToolsVersion = 9.0;
					};
					768CDEF61F1DA0CA00ED3F59 = {
						CreatedOnToolsVersion = 9.0;
						TestTargetID = 768CDEDE1F1DA0CA00ED3F59;
					};
					768CDF011F1DA0CA00ED3F59 = {
						CreatedOnToolsVersion = 9.0;
						TestTargetID = 768CDEDE1F1DA0CA00ED3F59;
					};
				};
			};
			buildConfigurationList = 768CDEDA1F1DA0CA00ED3F59 /* Build configuration list for PBXProject "HeaderNote" */;
			compatibilityVersion = "Xcode 8.0";
			developmentRegion = en;
			hasScannedForEncodings = 0;
			knownRegions = (
				en,
				Base,
			);
			mainGroup = 768CDED61F1DA0CA00ED3F59;
			productRefGroup = 768CDEE01F1DA0CA00ED3F59 /* Products */;
			projectDirPath = "";
			projectRoot = "";
			targets = (
				768CDEDE1F1DA0CA00ED3F59 /* HeaderNote */,
				768CDEF61F1DA0CA00ED3F59 /* HeaderNoteTests */,
				768CDF011F1DA0CA00ED3F59 /* HeaderNoteUITests */,
			);
		};
/* End PBXProject section */

/* Begin PBXResourcesBuildPhase section */
		768CDEDD1F1DA0CA00ED3F59 /* Resources */ = {
			isa = PBXResourcesBuildPhase;
			buildActionMask = 2147483647;
			files = (
				768CDEEF1F1DA0CA00ED3F59 /* LaunchScreen.storyboard in Resources */,
				768CDEEC1F1DA0CA00ED3F59 /* Assets.xcassets in Resources */,
				768CDEEA1F1DA0CA00ED3F59 /* Main.storyboard in Resources */,
			);
			runOnlyForDeploymentPostprocessing = 0;
		};
		768CDEF51F1DA0CA00ED3F59 /* Resources */ = {
			isa = PBXResourcesBuildPhase;
			buildActionMask = 2147483647;
			files = (
			);
			runOnlyForDeploymentPostprocessing = 0;
		};
		768CDF001F1DA0CA00ED3F59 /* Resources */ = {
			isa = PBXResourcesBuildPhase;
			buildActionMask = 2147483647;
			files = (
			);
			runOnlyForDeploymentPostprocessing = 0;
		};
/* End PBXResourcesBuildPhase section */

/* Begin PBXSourcesBuildPhase section */
		768CDEDB1F1DA0CA00ED3F59 /* Sources */ = {
			isa = PBXSourcesBuildPhase;
			buildActionMask = 2147483647;
			files = (
				768CDEE71F1DA0CA00ED3F59 /* ViewController.m in Sources */,
				768CDEF21F1DA0CA00ED3F59 /* main.m in Sources */,
				768CDEE41F1DA0CA00ED3F59 /* AppDelegate.m in Sources */,
			);
			runOnlyForDeploymentPostprocessing = 0;
		};
		768CDEF31F1DA0CA00ED3F59 /* Sources */ = {
			isa = PBXSourcesBuildPhase;
			buildActionMask = 2147483647;
			files = (
				768CDEFC1F1DA0CA00ED3F59 /* HeaderNoteTests.m in Sources */,
			);
			runOnlyForDeploymentPostprocessing = 0;
		};
		768CDEFE1F1DA0CA00ED3F59 /* Sources */ = {
			isa = PBXSourcesBuildPhase;
			buildActionMask = 2147483647;
			files = (
				768CDF071F1DA0CA00ED3F59 /* HeaderNoteUITests.m in Sources */,
			);
			runOnlyForDeploymentPostprocessing = 0;
		};
/* End PBXSourcesBuildPhase section */

/* Begin PBXTargetDependency section */
		768CDEF91F1DA0CA00ED3F59 /* PBXTargetDependency */ = {
			isa = PBXTargetDependency;
			target = 768CDEDE1F1DA0CA00ED3F59 /* HeaderNote */;
			targetProxy = 768CDEF81F1DA0CA00ED3F59 /* PBXContainerItemProxy */;
		};
		768CDF041F1DA0CA00ED3F59 /* PBXTargetDependency */ = {
			isa = PBXTargetDependency;
			target = 768CDEDE1F1DA0CA00ED3F59 /* HeaderNote */;
			targetProxy = 768CDF031F1DA0CA00ED3F59 /* PBXContainerItemProxy */;
		};
/* End PBXTargetDependency section */

/* Begin PBXVariantGroup section */
		768CDEE81F1DA0CA00ED3F59 /* Main.storyboard */ = {
			isa = PBXVariantGroup;
			children = (
				768CDEE91F1DA0CA00ED3F59 /* Base */,
			);
			name = Main.storyboard;
			sourceTree = "<group>";
		};
		768CDEED1F1DA0CA00ED3F59 /* LaunchScreen.storyboard */ = {
			isa = PBXVariantGroup;
			children = (
				768CDEEE1F1DA0CA00ED3F59 /* Base */,
			);
			name = LaunchScreen.storyboard;
			sourceTree = "<group>";
		};
/* End PBXVariantGroup section */

/* Begin XCBuildConfiguration section */
		768CDF091F1DA0CA00ED3F59 /* Debug */ = {
			isa = XCBuildConfiguration;
			buildSettings = {
				ALWAYS_SEARCH_USER_PATHS = NO;
				CLANG_ANALYZER_NONNULL = YES;
				CLANG_ANALYZER_NUMBER_OBJECT_CONVERSION = YES_AGGRESSIVE;
				CLANG_CXX_LANGUAGE_STANDARD = "gnu++14";
				CLANG_CXX_LIBRARY = "libc++";
				CLANG_ENABLE_MODULES = YES;
				CLANG_ENABLE_OBJC_ARC = YES;
				CLANG_WARN_BLOCK_CAPTURE_AUTORELEASING = YES;
				CLANG_WARN_BOOL_CONVERSION = YES;
				CLANG_WARN_COMMA = YES;
				CLANG_WARN_CONSTANT_CONVERSION = YES;
				CLANG_WARN_DIRECT_OBJC_ISA_USAGE = YES_ERROR;
				CLANG_WARN_DOCUMENTATION_COMMENTS = YES;
				CLANG_WARN_EMPTY_BODY = YES;
				CLANG_WARN_ENUM_CONVERSION = YES;
				CLANG_WARN_INFINITE_RECURSION = YES;
				CLANG_WARN_INT_CONVERSION = YES;
				CLANG_WARN_OBJC_ROOT_CLASS = YES_ERROR;
				CLANG_WARN_RANGE_LOOP_ANALYSIS = YES;
				CLANG_WARN_STRICT_PROTOTYPES = YES;
				CLANG_WARN_SUSPICIOUS_MOVE = YES;
				CLANG_WARN_UNGUARDED_AVAILABILITY = YES_AGGRESSIVE;
				CLANG_WARN_UNREACHABLE_CODE = YES;
				CLANG_WARN__DUPLICATE_METHOD_MATCH = YES;
				CODE_SIGN_IDENTITY = "iPhone Developer";
				COPY_PHASE_STRIP = NO;
				DEBUG_INFORMATION_FORMAT = dwarf;
				ENABLE_STRICT_OBJC_MSGSEND = YES;
				ENABLE_TESTABILITY = YES;
				GCC_C_LANGUAGE_STANDARD = gnu11;
				GCC_DYNAMIC_NO_PIC = NO;
				GCC_NO_COMMON_BLOCKS = YES;
				GCC_OPTIMIZATION_LEVEL = 0;
				GCC_PREPROCESSOR_DEFINITIONS = (
					"DEBUG=1",
					"$(inherited)",
				);
				GCC_WARN_64_TO_32_BIT_CONVERSION = YES;
				GCC_WARN_ABOUT_RETURN_TYPE = YES_ERROR;
				GCC_WARN_UNDECLARED_SELECTOR = YES;
				GCC_WARN_UNINITIALIZED_AUTOS = YES_AGGRESSIVE;
				GCC_WARN_UNUSED_FUNCTION = YES;
				GCC_WARN_UNUSED_VARIABLE = YES;
				IPHONEOS_DEPLOYMENT_TARGET = 11.0;
				MTL_ENABLE_DEBUG_INFO = YES;
				ONLY_ACTIVE_ARCH = YES;
				SDKROOT = iphoneos;
			};
			name = Debug;
		};
		768CDF0A1F1DA0CA00ED3F59 /* Release */ = {
			isa = XCBuildConfiguration;
			buildSettings = {
				ALWAYS_SEARCH_USER_PATHS = NO;
				CLANG_ANALYZER_NONNULL = YES;
				CLANG_ANALYZER_NUMBER_OBJECT_CONVERSION = YES_AGGRESSIVE;
				CLANG_CXX_LANGUAGE_STANDARD = "gnu++14";
				CLANG_CXX_LIBRARY = "libc++";
				CLANG_ENABLE_MODULES = YES;
				CLANG_ENABLE_OBJC_ARC = YES;
				CLANG_WARN_BLOCK_CAPTURE_AUTORELEASING = YES;
				CLANG_WARN_BOOL_CONVERSION = YES;
				CLANG_WARN_COMMA = YES;
				CLANG_WARN_CONSTANT_CONVERSION = YES;
				CLANG_WARN_DIRECT_OBJC_ISA_USAGE = YES_ERROR;
				CLANG_WARN_DOCUMENTATION_COMMENTS = YES;
				CLANG_WARN_EMPTY_BODY = YES;
				CLANG_WARN_ENUM_CONVERSION = YES;
				CLANG_WARN_INFINITE_RECURSION = YES;
				CLANG_WARN_INT_CONVERSION = YES;
				CLANG_WARN_OBJC_ROOT_CLASS = YES_ERROR;
				CLANG_WARN_RANGE_LOOP_ANALYSIS = YES;
				CLANG_WARN_STRICT_PROTOTYPES = YES;
				CLANG_WARN_SUSPICIOUS_MOVE = YES;
				CLANG_WARN_UNGUARDED_AVAILABILITY = YES_AGGRESSIVE;
				CLANG_WARN_UNREACHABLE_CODE = YES;
				CLANG_WARN__DUPLICATE_METHOD_MATCH = YES;
				CODE_SIGN_IDENTITY = "iPhone Developer";
				COPY_PHASE_STRIP = NO;
				DEBUG_INFORMATION_FORMAT = "dwarf-with-dsym";
				ENABLE_NS_ASSERTIONS = NO;
				ENABLE_STRICT_OBJC_MSGSEND = YES;
				GCC_C_LANGUAGE_STANDARD = gnu11;
				GCC_NO_COMMON_BLOCKS = YES;
				GCC_WARN_64_TO_32_BIT_CONVERSION = YES;
				GCC_WARN_ABOUT_RETURN_TYPE = YES_ERROR;
				GCC_WARN_UNDECLARED_SELECTOR = YES;
				GCC_WARN_UNINITIALIZED_AUTOS = YES_AGGRESSIVE;
				GCC_WARN_UNUSED_FUNCTION = YES;
				GCC_WARN_UNUSED_VARIABLE = YES;
				IPHONEOS_DEPLOYMENT_TARGET = 11.0;
				MTL_ENABLE_DEBUG_INFO = NO;
				SDKROOT = iphoneos;
				VALIDATE_PRODUCT = YES;
			};
			name = Release;
		};
		768CDF0C1F1DA0CA00ED3F59 /* Debug */ = {
			isa = XCBuildConfiguration;
			buildSettings = {
				ASSETCATALOG_COMPILER_APPICON_NAME = AppIcon;
				INFOPLIST_FILE = HeaderNote/Info.plist;
				LD_RUNPATH_SEARCH_PATHS = "$(inherited) @executable_path/Frameworks";
				PRODUCT_BUNDLE_IDENTIFIER = com.kipo.HeaderNote;
				PRODUCT_NAME = "$(TARGET_NAME)";
				TARGETED_DEVICE_FAMILY = "1,2";
			};
			name = Debug;
		};
		768CDF0D1F1DA0CA00ED3F59 /* Release */ = {
			isa = XCBuildConfiguration;
			buildSettings = {
				ASSETCATALOG_COMPILER_APPICON_NAME = AppIcon;
				INFOPLIST_FILE = HeaderNote/Info.plist;
				LD_RUNPATH_SEARCH_PATHS = "$(inherited) @executable_path/Frameworks";
				PRODUCT_BUNDLE_IDENTIFIER = com.kipo.HeaderNote;
				PRODUCT_NAME = "$(TARGET_NAME)";
				TARGETED_DEVICE_FAMILY = "1,2";
			};
			name = Release;
		};
		768CDF0F1F1DA0CA00ED3F59 /* Debug */ = {
			isa = XCBuildConfiguration;
			buildSettings = {
				BUNDLE_LOADER = "$(TEST_HOST)";
				INFOPLIST_FILE = HeaderNoteTests/Info.plist;
				LD_RUNPATH_SEARCH_PATHS = "$(inherited) @executable_path/Frameworks @loader_path/Frameworks";
				PRODUCT_BUNDLE_IDENTIFIER = com.kipo.HeaderNoteTests;
				PRODUCT_NAME = "$(TARGET_NAME)";
				TARGETED_DEVICE_FAMILY = "1,2";
				TEST_HOST = "$(BUILT_PRODUCTS_DIR)/HeaderNote.app/HeaderNote";
			};
			name = Debug;
		};
		768CDF101F1DA0CA00ED3F59 /* Release */ = {
			isa = XCBuildConfiguration;
			buildSettings = {
				BUNDLE_LOADER = "$(TEST_HOST)";
				INFOPLIST_FILE = HeaderNoteTests/Info.plist;
				LD_RUNPATH_SEARCH_PATHS = "$(inherited) @executable_path/Frameworks @loader_path/Frameworks";
				PRODUCT_BUNDLE_IDENTIFIER = com.kipo.HeaderNoteTests;
				PRODUCT_NAME = "$(TARGET_NAME)";
				TARGETED_DEVICE_FAMILY = "1,2";
				TEST_HOST = "$(BUILT_PRODUCTS_DIR)/HeaderNote.app/HeaderNote";
			};
			name = Release;
		};
		768CDF121F1DA0CA00ED3F59 /* Debug */ = {
			isa = XCBuildConfiguration;
			buildSettings = {
				INFOPLIST_FILE = HeaderNoteUITests/Info.plist;
				LD_RUNPATH_SEARCH_PATHS = "$(inherited) @executable_path/Frameworks @loader_path/Frameworks";
				PRODUCT_BUNDLE_IDENTIFIER = com.kipo.HeaderNoteUITests;
				PRODUCT_NAME = "$(TARGET_NAME)";
				TARGETED_DEVICE_FAMILY = "1,2";
				TEST_TARGET_NAME = HeaderNote;
			};
			name = Debug;
		};
		768CDF131F1DA0CA00ED3F59 /* Release */ = {
			isa = XCBuildConfiguration;
			buildSettings = {
				INFOPLIST_FILE = HeaderNoteUITests/Info.plist;
				LD_RUNPATH_SEARCH_PATHS = "$(inherited) @executable_path/Frameworks @loader_path/Frameworks";
				PRODUCT_BUNDLE_IDENTIFIER = com.kipo.HeaderNoteUITests;
				PRODUCT_NAME = "$(TARGET_NAME)";
				TARGETED_DEVICE_FAMILY = "1,2";
				TEST_TARGET_NAME = HeaderNote;
			};
			name = Release;
		};
/* End XCBuildConfiguration section */

/* Begin XCConfigurationList section */
		768CDEDA1F1DA0CA00ED3F59 /* Build configuration list for PBXProject "HeaderNote" */ = {
			isa = XCConfigurationList;
			buildConfigurations = (
				768CDF091F1DA0CA00ED3F59 /* Debug */,
				768CDF0A1F1DA0CA00ED3F59 /* Release */,
			);
			defaultConfigurationIsVisible = 0;
			defaultConfigurationName = Release;
		};
		768CDF0B1F1DA0CA00ED3F59 /* Build configuration list for PBXNativeTarget "HeaderNote" */ = {
			isa = XCConfigurationList;
			buildConfigurations = (
				768CDF0C1F1DA0CA00ED3F59 /* Debug */,
				768CDF0D1F1DA0CA00ED3F59 /* Release */,
			);
			defaultConfigurationIsVisible = 0;
			defaultConfigurationName = Release;
		};
		768CDF0E1F1DA0CA00ED3F59 /* Build configuration list for PBXNativeTarget "HeaderNoteTests" */ = {
			isa = XCConfigurationList;
			buildConfigurations = (
				768CDF0F1F1DA0CA00ED3F59 /* Debug */,
				768CDF101F1DA0CA00ED3F59 /* Release */,
			);
			defaultConfigurationIsVisible = 0;
			defaultConfigurationName = Release;
		};
		768CDF111F1DA0CA00ED3F59 /* Build configuration list for PBXNativeTarget "HeaderNoteUITests" */ = {
			isa = XCConfigurationList;
			buildConfigurations = (
				768CDF121F1DA0CA00ED3F59 /* Debug */,
				768CDF131F1DA0CA00ED3F59 /* Release */,
			);
			defaultConfigurationIsVisible = 0;
			defaultConfigurationName = Release;
		};
/* End XCConfigurationList section */
	};
	rootObject = 768CDED71F1DA0CA00ED3F59 /* Project object */;
}
